
Microsoft Visual Studio Solution File, Format Version 12.00
# Visual Studio Version 17
VisualStudioVersion = 17.2.32630.192
MinimumVisualStudioVersion = 10.0.40219.1
Project("{9A19103F-16F7-4668-BE54-9A1E7A4F7556}") = "MyASPDemos", "MyASPDemos\MyASPDemos.csproj", "{9A643435-8326-4303-BC4C-7B57CDBE6665}"
EndProject
Project("{9A19103F-16F7-4668-BE54-9A1E7A4F7556}") = "Task1", "Task1\Task1.csproj", "{6B1A0E8F-6DEB-4CC7-A3CB-3504B0143DE2}"
EndProject
Project("{9A19103F-16F7-4668-BE54-9A1E7A4F7556}") = "task2", "task2\task2.csproj", "{432F42A8-5527-4CE5-B1FF-38637AB3882A}"
EndProject
Project("{9A19103F-16F7-4668-BE54-9A1E7A4F7556}") = "Project1", "Project1\Project1.csproj", "{47353FD2-7149-4DAA-8DE7-38BAA21FEB90}"
EndProject
Global
	GlobalSection(SolutionConfigurationPlatforms) = preSolution
		Debug|Any CPU = Debug|Any CPU
		Release|Any CPU = Release|Any CPU
	EndGlobalSection
	GlobalSection(ProjectConfigurationPlatforms) = postSolution
		{9A643435-8326-4303-BC4C-7B57CDBE6665}.Debug|Any CPU.ActiveCfg = Debug|Any CPU
		{9A643435-8326-4303-BC4C-7B57CDBE6665}.Debug|Any CPU.Build.0 = Debug|Any CPU
		{9A643435-8326-4303-BC4C-7B57CDBE6665}.Release|Any CPU.ActiveCfg = Release|Any CPU
		{9A643435-8326-4303-BC4C-7B57CDBE6665}.Release|Any CPU.Build.0 = Release|Any CPU
		{6B1A0E8F-6DEB-4CC7-A3CB-3504B0143DE2}.Debug|Any CPU.ActiveCfg = Debug|Any CPU
		{6B1A0E8F-6DEB-4CC7-A3CB-3504B0143DE2}.Debug|Any CPU.Build.0 = Debug|Any CPU
		{6B1A0E8F-6DEB-4CC7-A3CB-3504B0143DE2}.Release|Any CPU.ActiveCfg = Release|Any CPU
		{6B1A0E8F-6DEB-4CC7-A3CB-3504B0143DE2}.Release|Any CPU.Build.0 = Release|Any CPU
		{432F42A8-5527-4CE5-B1FF-38637AB3882A}.Debug|Any CPU.ActiveCfg = Debug|Any CPU
		{432F42A8-5527-4CE5-B1FF-38637AB3882A}.Debug|Any CPU.Build.0 = Debug|Any CPU
		{432F42A8-5527-4CE5-B1FF-38637AB3882A}.Release|Any CPU.ActiveCfg = Release|Any CPU
		{432F42A8-5527-4CE5-B1FF-38637AB3882A}.Release|Any CPU.Build.0 = Release|Any CPU
		{47353FD2-7149-4DAA-8DE7-38BAA21FEB90}.Debug|Any CPU.ActiveCfg = Debug|Any CPU
		{47353FD2-7149-4DAA-8DE7-38BAA21FEB90}.Debug|Any CPU.Build.0 = Debug|Any CPU
		{47353FD2-7149-4DAA-8DE7-38BAA21FEB90}.Release|Any CPU.ActiveCfg = Release|Any CPU
		{47353FD2-7149-4DAA-8DE7-38BAA21FEB90}.Release|Any CPU.Build.0 = Release|Any CPU
	EndGlobalSection
	GlobalSection(SolutionProperties) = preSolution
		HideSolutionNode = FALSE
	EndGlobalSection
	GlobalSection(ExtensibilityGlobals) = postSolution
		SolutionGuid = {85EB6E79-142C-4269-BD4F-C6078AB8C3D2}
	EndGlobalSection
EndGlobal
